
Microsoft Visual Studio Solution File, Format Version 12.00
# Visual Studio Version 16
VisualStudioVersion = 16.0.31613.86
MinimumVisualStudioVersion = 10.0.40219.1
Project("{FAE04EC0-301F-11D3-BF4B-00C04F79EFBC}") = "VibeCheck", "VibeCheck\VibeCheck.csproj", "{0CD762AA-2A45-40F3-9CDC-66A5D4E4DFDD}"
EndProject
Global
	GlobalSection(SolutionConfigurationPlatforms) = preSolution
		Debug|Any CPU = Debug|Any CPU
		Release|Any CPU = Release|Any CPU
	EndGlobalSection
	GlobalSection(ProjectConfigurationPlatforms) = postSolution
		{0CD762AA-2A45-40F3-9CDC-66A5D4E4DFDD}.Debug|Any CPU.ActiveCfg = Debug|Any CPU
		{0CD762AA-2A45-40F3-9CDC-66A5D4E4DFDD}.Debug|Any CPU.Build.0 = Debug|Any CPU
		{0CD762AA-2A45-40F3-9CDC-66A5D4E4DFDD}.Release|Any CPU.ActiveCfg = Release|Any CPU
		{0CD762AA-2A45-40F3-9CDC-66A5D4E4DFDD}.Release|Any CPU.Build.0 = Release|Any CPU
	EndGlobalSection
	GlobalSection(SolutionProperties) = preSolution
		HideSolutionNode = FALSE
	EndGlobalSection
	GlobalSection(ExtensibilityGlobals) = postSolution
		SolutionGuid = {4D8F55D2-BD6D-4808-8D1F-FF1F8F196F5C}
	EndGlobalSection
EndGlobal
